
Microsoft Visual Studio Solution File, Format Version 10.00
# Visual Studio 2008
Project("{FAE04EC0-301F-11D3-BF4B-00C04F79EFBC}") = "BITS_APP_UPDATE", "BITS_APP_UPDATE\BITS_APP_UPDATE.csproj", "{3C570C7D-AA22-43E3-B531-46C49E7102F7}"
EndProject
Project("{FAE04EC0-301F-11D3-BF4B-00C04F79EFBC}") = "BITS_BEL", "BITS_BEL\BITS_BEL.csproj", "{B0A08877-F1B9-4C30-BC93-2A77359958EB}"
EndProject
Project("{FAE04EC0-301F-11D3-BF4B-00C04F79EFBC}") = "BITS_DAL", "BITS_DAL\BITS_DAL.csproj", "{FC5E8433-ABD8-4A19-B041-297294410788}"
EndProject
Project("{FAE04EC0-301F-11D3-BF4B-00C04F79EFBC}") = "BITS_LIB", "BITS_LIB\BITS_LIB.csproj", "{21F900AA-4D62-418D-B654-834DA9024399}"
EndProject
Project("{FAE04EC0-301F-11D3-BF4B-00C04F79EFBC}") = "BITS_QRCodeLib", "BITS_QRCodeLib\BITS_QRCodeLib.csproj", "{79E4DD87-2AA7-4AE6-BBD8-D56045D75390}"
EndProject
Project("{FAE04EC0-301F-11D3-BF4B-00C04F79EFBC}") = "PLASESS_BLL", "PLASESS_BLL\PLASESS_BLL.csproj", "{1609958F-104A-416E-B4D4-63E3F339734A}"
EndProject
Project("{FAE04EC0-301F-11D3-BF4B-00C04F79EFBC}") = "Winforms.Components", "Winforms.Components\Winforms.Components.csproj", "{C93CD6B7-7890-48D9-98AA-9F447F519654}"
EndProject
Project("{FAE04EC0-301F-11D3-BF4B-00C04F79EFBC}") = "PLASESS_PRINT_PALLET", "PLASESS_PRINT_PALLET\PLASESS_PRINT_PALLET.csproj", "{EA874A2B-83D3-4F69-AECA-3620894BC084}"
EndProject
Project("{FAE04EC0-301F-11D3-BF4B-00C04F79EFBC}") = "PLASESS_UIL", "PLASESS_UIL\PLASESS_UIL.csproj", "{66310D71-F721-4B9D-9D99-FE73FFEDBB7F}"
EndProject
Global
	GlobalSection(SolutionConfigurationPlatforms) = preSolution
		Debug|Any CPU = Debug|Any CPU
		Release|Any CPU = Release|Any CPU
	EndGlobalSection
	GlobalSection(ProjectConfigurationPlatforms) = postSolution
		{3C570C7D-AA22-43E3-B531-46C49E7102F7}.Debug|Any CPU.ActiveCfg = Debug|Any CPU
		{3C570C7D-AA22-43E3-B531-46C49E7102F7}.Debug|Any CPU.Build.0 = Debug|Any CPU
		{3C570C7D-AA22-43E3-B531-46C49E7102F7}.Release|Any CPU.ActiveCfg = Release|Any CPU
		{3C570C7D-AA22-43E3-B531-46C49E7102F7}.Release|Any CPU.Build.0 = Release|Any CPU
		{B0A08877-F1B9-4C30-BC93-2A77359958EB}.Debug|Any CPU.ActiveCfg = Debug|Any CPU
		{B0A08877-F1B9-4C30-BC93-2A77359958EB}.Debug|Any CPU.Build.0 = Debug|Any CPU
		{B0A08877-F1B9-4C30-BC93-2A77359958EB}.Release|Any CPU.ActiveCfg = Release|Any CPU
		{B0A08877-F1B9-4C30-BC93-2A77359958EB}.Release|Any CPU.Build.0 = Release|Any CPU
		{FC5E8433-ABD8-4A19-B041-297294410788}.Debug|Any CPU.ActiveCfg = Debug|Any CPU
		{FC5E8433-ABD8-4A19-B041-297294410788}.Debug|Any CPU.Build.0 = Debug|Any CPU
		{FC5E8433-ABD8-4A19-B041-297294410788}.Release|Any CPU.ActiveCfg = Release|Any CPU
		{FC5E8433-ABD8-4A19-B041-297294410788}.Release|Any CPU.Build.0 = Release|Any CPU
		{21F900AA-4D62-418D-B654-834DA9024399}.Debug|Any CPU.ActiveCfg = Debug|Any CPU
		{21F900AA-4D62-418D-B654-834DA9024399}.Debug|Any CPU.Build.0 = Debug|Any CPU
		{21F900AA-4D62-418D-B654-834DA9024399}.Release|Any CPU.ActiveCfg = Release|Any CPU
		{21F900AA-4D62-418D-B654-834DA9024399}.Release|Any CPU.Build.0 = Release|Any CPU
		{79E4DD87-2AA7-4AE6-BBD8-D56045D75390}.Debug|Any CPU.ActiveCfg = Debug|Any CPU
		{79E4DD87-2AA7-4AE6-BBD8-D56045D75390}.Debug|Any CPU.Build.0 = Debug|Any CPU
		{79E4DD87-2AA7-4AE6-BBD8-D56045D75390}.Release|Any CPU.ActiveCfg = Release|Any CPU
		{79E4DD87-2AA7-4AE6-BBD8-D56045D75390}.Release|Any CPU.Build.0 = Release|Any CPU
		{1609958F-104A-416E-B4D4-63E3F339734A}.Debug|Any CPU.ActiveCfg = Debug|Any CPU
		{1609958F-104A-416E-B4D4-63E3F339734A}.Debug|Any CPU.Build.0 = Debug|Any CPU
		{1609958F-104A-416E-B4D4-63E3F339734A}.Release|Any CPU.ActiveCfg = Release|Any CPU
		{1609958F-104A-416E-B4D4-63E3F339734A}.Release|Any CPU.Build.0 = Release|Any CPU
		{C93CD6B7-7890-48D9-98AA-9F447F519654}.Debug|Any CPU.ActiveCfg = Debug|Any CPU
		{C93CD6B7-7890-48D9-98AA-9F447F519654}.Debug|Any CPU.Build.0 = Debug|Any CPU
		{C93CD6B7-7890-48D9-98AA-9F447F519654}.Release|Any CPU.ActiveCfg = Release|Any CPU
		{C93CD6B7-7890-48D9-98AA-9F447F519654}.Release|Any CPU.Build.0 = Release|Any CPU
		{EA874A2B-83D3-4F69-AECA-3620894BC084}.Debug|Any CPU.ActiveCfg = Debug|Any CPU
		{EA874A2B-83D3-4F69-AECA-3620894BC084}.Debug|Any CPU.Build.0 = Debug|Any CPU
		{EA874A2B-83D3-4F69-AECA-3620894BC084}.Release|Any CPU.ActiveCfg = Release|Any CPU
		{EA874A2B-83D3-4F69-AECA-3620894BC084}.Release|Any CPU.Build.0 = Release|Any CPU
		{66310D71-F721-4B9D-9D99-FE73FFEDBB7F}.Debug|Any CPU.ActiveCfg = Debug|Any CPU
		{66310D71-F721-4B9D-9D99-FE73FFEDBB7F}.Debug|Any CPU.Build.0 = Debug|Any CPU
		{66310D71-F721-4B9D-9D99-FE73FFEDBB7F}.Release|Any CPU.ActiveCfg = Release|Any CPU
		{66310D71-F721-4B9D-9D99-FE73FFEDBB7F}.Release|Any CPU.Build.0 = Release|Any CPU
	EndGlobalSection
	GlobalSection(SolutionProperties) = preSolution
		HideSolutionNode = FALSE
	EndGlobalSection
EndGlobal
