
Microsoft Visual Studio Solution File, Format Version 10.00
# Visual Studio 2008
Project("{FAE04EC0-301F-11D3-BF4B-00C04F79EFBC}") = "MSC_SCN_LOCKDOWN", "SCN_BASICS_Lockdown\MSC_SCN_LOCKDOWN.csproj", "{B9BB70D6-94FB-4131-AC1A-F098FD55F2FE}"
EndProject
Project("{FAE04EC0-301F-11D3-BF4B-00C04F79EFBC}") = "MSC_SCN_LIB", "SCN_BASICS_Lib\MSC_SCN_LIB.csproj", "{79472B9B-36EF-4100-806F-1DF77BBB3F78}"
EndProject
Project("{FAE04EC0-301F-11D3-BF4B-00C04F79EFBC}") = "MSC_SCN_APPUPDATE", "SCN_BASICS_APPUPDATE\MSC_SCN_APPUPDATE.csproj", "{7C7D5AB8-935B-4ECF-AA34-3DD75B97F7D8}"
EndProject
Project("{FAE04EC0-301F-11D3-BF4B-00C04F79EFBC}") = "MSC_SCN_BLL", "SCN_BLL\MSC_SCN_BLL.csproj", "{A88B520E-346C-45DA-B180-A6CAC959F12B}"
EndProject
Project("{FAE04EC0-301F-11D3-BF4B-00C04F79EFBC}") = "MSC_SCN_BEL", "SCN_BEL\MSC_SCN_BEL.csproj", "{57CBDAC0-9960-4026-A928-5B1285972AA5}"
EndProject
Project("{FAE04EC0-301F-11D3-BF4B-00C04F79EFBC}") = "MSC_SCN_UIL", "SCN_BASICS_BUI\MSC_SCN_UIL.csproj", "{03C0E9F4-31DA-4FB1-A9F3-66C0474B17B1}"
EndProject
Global
	GlobalSection(SolutionConfigurationPlatforms) = preSolution
		Debug|Any CPU = Debug|Any CPU
		Release|Any CPU = Release|Any CPU
	EndGlobalSection
	GlobalSection(ProjectConfigurationPlatforms) = postSolution
		{B9BB70D6-94FB-4131-AC1A-F098FD55F2FE}.Debug|Any CPU.ActiveCfg = Debug|Any CPU
		{B9BB70D6-94FB-4131-AC1A-F098FD55F2FE}.Debug|Any CPU.Build.0 = Debug|Any CPU
		{B9BB70D6-94FB-4131-AC1A-F098FD55F2FE}.Release|Any CPU.ActiveCfg = Release|Any CPU
		{B9BB70D6-94FB-4131-AC1A-F098FD55F2FE}.Release|Any CPU.Build.0 = Release|Any CPU
		{B9BB70D6-94FB-4131-AC1A-F098FD55F2FE}.Release|Any CPU.Deploy.0 = Release|Any CPU
		{79472B9B-36EF-4100-806F-1DF77BBB3F78}.Debug|Any CPU.ActiveCfg = Debug|Any CPU
		{79472B9B-36EF-4100-806F-1DF77BBB3F78}.Debug|Any CPU.Build.0 = Debug|Any CPU
		{79472B9B-36EF-4100-806F-1DF77BBB3F78}.Release|Any CPU.ActiveCfg = Release|Any CPU
		{79472B9B-36EF-4100-806F-1DF77BBB3F78}.Release|Any CPU.Build.0 = Release|Any CPU
		{7C7D5AB8-935B-4ECF-AA34-3DD75B97F7D8}.Debug|Any CPU.ActiveCfg = Debug|Any CPU
		{7C7D5AB8-935B-4ECF-AA34-3DD75B97F7D8}.Debug|Any CPU.Build.0 = Debug|Any CPU
		{7C7D5AB8-935B-4ECF-AA34-3DD75B97F7D8}.Release|Any CPU.ActiveCfg = Release|Any CPU
		{7C7D5AB8-935B-4ECF-AA34-3DD75B97F7D8}.Release|Any CPU.Build.0 = Release|Any CPU
		{7C7D5AB8-935B-4ECF-AA34-3DD75B97F7D8}.Release|Any CPU.Deploy.0 = Release|Any CPU
		{A88B520E-346C-45DA-B180-A6CAC959F12B}.Debug|Any CPU.ActiveCfg = Debug|Any CPU
		{A88B520E-346C-45DA-B180-A6CAC959F12B}.Debug|Any CPU.Build.0 = Debug|Any CPU
		{A88B520E-346C-45DA-B180-A6CAC959F12B}.Release|Any CPU.ActiveCfg = Release|Any CPU
		{A88B520E-346C-45DA-B180-A6CAC959F12B}.Release|Any CPU.Build.0 = Release|Any CPU
		{57CBDAC0-9960-4026-A928-5B1285972AA5}.Debug|Any CPU.ActiveCfg = Debug|Any CPU
		{57CBDAC0-9960-4026-A928-5B1285972AA5}.Debug|Any CPU.Build.0 = Debug|Any CPU
		{57CBDAC0-9960-4026-A928-5B1285972AA5}.Release|Any CPU.ActiveCfg = Release|Any CPU
		{57CBDAC0-9960-4026-A928-5B1285972AA5}.Release|Any CPU.Build.0 = Release|Any CPU
		{03C0E9F4-31DA-4FB1-A9F3-66C0474B17B1}.Debug|Any CPU.ActiveCfg = Debug|Any CPU
		{03C0E9F4-31DA-4FB1-A9F3-66C0474B17B1}.Debug|Any CPU.Build.0 = Debug|Any CPU
		{03C0E9F4-31DA-4FB1-A9F3-66C0474B17B1}.Debug|Any CPU.Deploy.0 = Debug|Any CPU
		{03C0E9F4-31DA-4FB1-A9F3-66C0474B17B1}.Release|Any CPU.ActiveCfg = Release|Any CPU
		{03C0E9F4-31DA-4FB1-A9F3-66C0474B17B1}.Release|Any CPU.Build.0 = Release|Any CPU
		{03C0E9F4-31DA-4FB1-A9F3-66C0474B17B1}.Release|Any CPU.Deploy.0 = Release|Any CPU
	EndGlobalSection
	GlobalSection(SolutionProperties) = preSolution
		HideSolutionNode = FALSE
	EndGlobalSection
EndGlobal
